
Microsoft Visual Studio Solution File, Format Version 12.00
# Visual Studio Version 17
VisualStudioVersion = 17.10.35004.147
MinimumVisualStudioVersion = 10.0.40219.1
Project("{9A19103F-16F7-4668-BE54-9A1E7A4F7556}") = "OT.Assessment.Consumer", "src\OT.Assessment.Consumer\OT.Assessment.Consumer.csproj", "{FEB40B93-D586-4600-AAC9-DD0960D0083D}"
EndProject
Project("{9A19103F-16F7-4668-BE54-9A1E7A4F7556}") = "OT.Assessment.Api", "src\OT.Assessment.Api\OT.Assessment.Api.csproj", "{9C47B574-9401-48DD-AB40-48F0C9BA699A}"
EndProject
Project("{9A19103F-16F7-4668-BE54-9A1E7A4F7556}") = "OT.Assessment.Tester", "test\OT.Assessment.Tester\OT.Assessment.Tester.csproj", "{BF0CDF90-B607-4710-9F26-67E23498C865}"
EndProject
Project("{2150E333-8FDC-42A3-9474-1A3956D46DE8}") = "Solution Items", "Solution Items", "{7EFE3E75-8316-420D-AFA3-ECE90ECF22BB}"
	ProjectSection(SolutionItems) = preProject
		DatabaseGenerate.sql = DatabaseGenerate.sql
		README.md = README.md
	EndProjectSection
EndProject
Project("{2150E333-8FDC-42A3-9474-1A3956D46DE8}") = "src", "src", "{6FA7DAF4-446B-4610-9EDF-6E418255B176}"
EndProject
Project("{2150E333-8FDC-42A3-9474-1A3956D46DE8}") = "tester", "tester", "{B4795B8C-CE52-404F-AA64-6D8AA8734A96}"
EndProject
Project("{9A19103F-16F7-4668-BE54-9A1E7A4F7556}") = "OT.Assessment.Api.UnitTests", "src\OT.Assessment.Api.UnitTests\OT.Assessment.Api.UnitTests.csproj", "{123A4270-F801-4867-9CE7-4C802F551414}"
EndProject
Project("{2150E333-8FDC-42A3-9474-1A3956D46DE8}") = "Domain", "Domain", "{B92B24BB-62B0-4358-8DB6-5ED86998885D}"
EndProject
Project("{9A19103F-16F7-4668-BE54-9A1E7A4F7556}") = "OT.Assessment.Data", "src\OT.Assessment.Data\OT.Assessment.Data.csproj", "{2E447D44-F08B-4D8A-B76C-6B0C0EB962E0}"
EndProject
Project("{9A19103F-16F7-4668-BE54-9A1E7A4F7556}") = "OT.Assessment.Core", "src\OT.Assessment.Core\OT.Assessment.Core.csproj", "{18FFAA14-A593-4D9D-BE8B-897AA5FEC79F}"
EndProject
Project("{2150E333-8FDC-42A3-9474-1A3956D46DE8}") = "Infrastructure", "Infrastructure", "{877BB958-FD0B-4549-B9E8-58A6B7D8B0BC}"
EndProject
Project("{9A19103F-16F7-4668-BE54-9A1E7A4F7556}") = "OT.Assessment.Core.UnitTests", "src\OT.Assessment.Core.UnitTests\OT.Assessment.Core.UnitTests.csproj", "{7AA74920-FD67-46CD-B5C1-76F7E209CEBF}"
EndProject
Project("{9A19103F-16F7-4668-BE54-9A1E7A4F7556}") = "OT.Assessment.Core.FunctionalTests", "src\OT.Assessment.Core.FunctionalTests\OT.Assessment.Core.FunctionalTests.csproj", "{41FC4AB2-CE95-4CAD-B7C9-99FFD7A51798}"
EndProject
Project("{9A19103F-16F7-4668-BE54-9A1E7A4F7556}") = "OT.Assessment.Api.Contract", "src\OT.Assessment.Api.Contract\OT.Assessment.Api.Contract.csproj", "{8CB4D920-3F73-4C21-80D0-FB00842EB8A8}"
EndProject
Project("{FAE04EC0-301F-11D3-BF4B-00C04F79EFBC}") = "OT.Assessment.Consumer.UnitTests", "src\OT.Assessment.Consumer.UnitTests\OT.Assessment.Consumer.UnitTests.csproj", "{470E4109-F6D3-441B-9A22-31C3E42FF30A}"
EndProject
Global
	GlobalSection(SolutionConfigurationPlatforms) = preSolution
		Debug|Any CPU = Debug|Any CPU
		Release|Any CPU = Release|Any CPU
	EndGlobalSection
	GlobalSection(ProjectConfigurationPlatforms) = postSolution
		{FEB40B93-D586-4600-AAC9-DD0960D0083D}.Debug|Any CPU.ActiveCfg = Debug|Any CPU
		{FEB40B93-D586-4600-AAC9-DD0960D0083D}.Debug|Any CPU.Build.0 = Debug|Any CPU
		{FEB40B93-D586-4600-AAC9-DD0960D0083D}.Release|Any CPU.ActiveCfg = Release|Any CPU
		{FEB40B93-D586-4600-AAC9-DD0960D0083D}.Release|Any CPU.Build.0 = Release|Any CPU
		{9C47B574-9401-48DD-AB40-48F0C9BA699A}.Debug|Any CPU.ActiveCfg = Debug|Any CPU
		{9C47B574-9401-48DD-AB40-48F0C9BA699A}.Debug|Any CPU.Build.0 = Debug|Any CPU
		{9C47B574-9401-48DD-AB40-48F0C9BA699A}.Release|Any CPU.ActiveCfg = Release|Any CPU
		{9C47B574-9401-48DD-AB40-48F0C9BA699A}.Release|Any CPU.Build.0 = Release|Any CPU
		{BF0CDF90-B607-4710-9F26-67E23498C865}.Debug|Any CPU.ActiveCfg = Debug|Any CPU
		{BF0CDF90-B607-4710-9F26-67E23498C865}.Debug|Any CPU.Build.0 = Debug|Any CPU
		{BF0CDF90-B607-4710-9F26-67E23498C865}.Release|Any CPU.ActiveCfg = Release|Any CPU
		{BF0CDF90-B607-4710-9F26-67E23498C865}.Release|Any CPU.Build.0 = Release|Any CPU
		{123A4270-F801-4867-9CE7-4C802F551414}.Debug|Any CPU.ActiveCfg = Debug|Any CPU
		{123A4270-F801-4867-9CE7-4C802F551414}.Debug|Any CPU.Build.0 = Debug|Any CPU
		{123A4270-F801-4867-9CE7-4C802F551414}.Release|Any CPU.ActiveCfg = Release|Any CPU
		{123A4270-F801-4867-9CE7-4C802F551414}.Release|Any CPU.Build.0 = Release|Any CPU
		{2E447D44-F08B-4D8A-B76C-6B0C0EB962E0}.Debug|Any CPU.ActiveCfg = Debug|Any CPU
		{2E447D44-F08B-4D8A-B76C-6B0C0EB962E0}.Debug|Any CPU.Build.0 = Debug|Any CPU
		{2E447D44-F08B-4D8A-B76C-6B0C0EB962E0}.Release|Any CPU.ActiveCfg = Release|Any CPU
		{2E447D44-F08B-4D8A-B76C-6B0C0EB962E0}.Release|Any CPU.Build.0 = Release|Any CPU
		{5C10BC92-BA6B-4B00-AD58-9A5C2CE23A14}.Debug|Any CPU.ActiveCfg = Debug|Any CPU
		{5C10BC92-BA6B-4B00-AD58-9A5C2CE23A14}.Debug|Any CPU.Build.0 = Debug|Any CPU
		{5C10BC92-BA6B-4B00-AD58-9A5C2CE23A14}.Release|Any CPU.ActiveCfg = Release|Any CPU
		{5C10BC92-BA6B-4B00-AD58-9A5C2CE23A14}.Release|Any CPU.Build.0 = Release|Any CPU
		{18FFAA14-A593-4D9D-BE8B-897AA5FEC79F}.Debug|Any CPU.ActiveCfg = Debug|Any CPU
		{18FFAA14-A593-4D9D-BE8B-897AA5FEC79F}.Debug|Any CPU.Build.0 = Debug|Any CPU
		{18FFAA14-A593-4D9D-BE8B-897AA5FEC79F}.Release|Any CPU.ActiveCfg = Release|Any CPU
		{18FFAA14-A593-4D9D-BE8B-897AA5FEC79F}.Release|Any CPU.Build.0 = Release|Any CPU
		{7AA74920-FD67-46CD-B5C1-76F7E209CEBF}.Debug|Any CPU.ActiveCfg = Debug|Any CPU
		{7AA74920-FD67-46CD-B5C1-76F7E209CEBF}.Debug|Any CPU.Build.0 = Debug|Any CPU
		{7AA74920-FD67-46CD-B5C1-76F7E209CEBF}.Release|Any CPU.ActiveCfg = Release|Any CPU
		{7AA74920-FD67-46CD-B5C1-76F7E209CEBF}.Release|Any CPU.Build.0 = Release|Any CPU
		{41FC4AB2-CE95-4CAD-B7C9-99FFD7A51798}.Debug|Any CPU.ActiveCfg = Debug|Any CPU
		{41FC4AB2-CE95-4CAD-B7C9-99FFD7A51798}.Debug|Any CPU.Build.0 = Debug|Any CPU
		{41FC4AB2-CE95-4CAD-B7C9-99FFD7A51798}.Release|Any CPU.ActiveCfg = Release|Any CPU
		{41FC4AB2-CE95-4CAD-B7C9-99FFD7A51798}.Release|Any CPU.Build.0 = Release|Any CPU
		{5086C39B-D1AC-4ABF-AB71-CDEDB46415E8}.Debug|Any CPU.ActiveCfg = Debug|Any CPU
		{5086C39B-D1AC-4ABF-AB71-CDEDB46415E8}.Debug|Any CPU.Build.0 = Debug|Any CPU
		{5086C39B-D1AC-4ABF-AB71-CDEDB46415E8}.Release|Any CPU.ActiveCfg = Release|Any CPU
		{5086C39B-D1AC-4ABF-AB71-CDEDB46415E8}.Release|Any CPU.Build.0 = Release|Any CPU
		{8CB4D920-3F73-4C21-80D0-FB00842EB8A8}.Debug|Any CPU.ActiveCfg = Debug|Any CPU
		{8CB4D920-3F73-4C21-80D0-FB00842EB8A8}.Debug|Any CPU.Build.0 = Debug|Any CPU
		{8CB4D920-3F73-4C21-80D0-FB00842EB8A8}.Release|Any CPU.ActiveCfg = Release|Any CPU
		{8CB4D920-3F73-4C21-80D0-FB00842EB8A8}.Release|Any CPU.Build.0 = Release|Any CPU
		{470E4109-F6D3-441B-9A22-31C3E42FF30A}.Debug|Any CPU.ActiveCfg = Debug|Any CPU
		{470E4109-F6D3-441B-9A22-31C3E42FF30A}.Debug|Any CPU.Build.0 = Debug|Any CPU
		{470E4109-F6D3-441B-9A22-31C3E42FF30A}.Release|Any CPU.ActiveCfg = Release|Any CPU
		{470E4109-F6D3-441B-9A22-31C3E42FF30A}.Release|Any CPU.Build.0 = Release|Any CPU
	EndGlobalSection
	GlobalSection(SolutionProperties) = preSolution
		HideSolutionNode = FALSE
	EndGlobalSection
	GlobalSection(NestedProjects) = preSolution
		{FEB40B93-D586-4600-AAC9-DD0960D0083D} = {877BB958-FD0B-4549-B9E8-58A6B7D8B0BC}
		{9C47B574-9401-48DD-AB40-48F0C9BA699A} = {877BB958-FD0B-4549-B9E8-58A6B7D8B0BC}
		{BF0CDF90-B607-4710-9F26-67E23498C865} = {B4795B8C-CE52-404F-AA64-6D8AA8734A96}
		{123A4270-F801-4867-9CE7-4C802F551414} = {877BB958-FD0B-4549-B9E8-58A6B7D8B0BC}
		{B92B24BB-62B0-4358-8DB6-5ED86998885D} = {6FA7DAF4-446B-4610-9EDF-6E418255B176}
		{2E447D44-F08B-4D8A-B76C-6B0C0EB962E0} = {877BB958-FD0B-4549-B9E8-58A6B7D8B0BC}
		{5C10BC92-BA6B-4B00-AD58-9A5C2CE23A14} = {B92B24BB-62B0-4358-8DB6-5ED86998885D}
		{18FFAA14-A593-4D9D-BE8B-897AA5FEC79F} = {B92B24BB-62B0-4358-8DB6-5ED86998885D}
		{877BB958-FD0B-4549-B9E8-58A6B7D8B0BC} = {6FA7DAF4-446B-4610-9EDF-6E418255B176}
		{7AA74920-FD67-46CD-B5C1-76F7E209CEBF} = {B92B24BB-62B0-4358-8DB6-5ED86998885D}
		{41FC4AB2-CE95-4CAD-B7C9-99FFD7A51798} = {B92B24BB-62B0-4358-8DB6-5ED86998885D}
		{5086C39B-D1AC-4ABF-AB71-CDEDB46415E8} = {B92B24BB-62B0-4358-8DB6-5ED86998885D}
		{8CB4D920-3F73-4C21-80D0-FB00842EB8A8} = {877BB958-FD0B-4549-B9E8-58A6B7D8B0BC}
		{470E4109-F6D3-441B-9A22-31C3E42FF30A} = {877BB958-FD0B-4549-B9E8-58A6B7D8B0BC}
	EndGlobalSection
	GlobalSection(ExtensibilityGlobals) = postSolution
		SolutionGuid = {C56C9633-4971-45FE-9CB3-E2F07E649A77}
	EndGlobalSection
EndGlobal
